
Microsoft Visual Studio Solution File, Format Version 12.00
# Visual Studio Version 17
VisualStudioVersion = 17.11.35327.3
MinimumVisualStudioVersion = 10.0.40219.1
Project("{FAE04EC0-301F-11D3-BF4B-00C04F79EFBC}") = "ExhibitionAppWPF", "ExhibitionAppWPF\ExhibitionAppWPF.csproj", "{D19CF89F-A89B-4F49-B30D-98D80B94CEBE}"
EndProject
Global
	GlobalSection(SolutionConfigurationPlatforms) = preSolution
		Debug|Any CPU = Debug|Any CPU
		Release|Any CPU = Release|Any CPU
	EndGlobalSection
	GlobalSection(ProjectConfigurationPlatforms) = postSolution
		{D19CF89F-A89B-4F49-B30D-98D80B94CEBE}.Debug|Any CPU.ActiveCfg = Debug|Any CPU
		{D19CF89F-A89B-4F49-B30D-98D80B94CEBE}.Debug|Any CPU.Build.0 = Debug|Any CPU
		{D19CF89F-A89B-4F49-B30D-98D80B94CEBE}.Release|Any CPU.ActiveCfg = Release|Any CPU
		{D19CF89F-A89B-4F49-B30D-98D80B94CEBE}.Release|Any CPU.Build.0 = Release|Any CPU
	EndGlobalSection
	GlobalSection(SolutionProperties) = preSolution
		HideSolutionNode = FALSE
	EndGlobalSection
	GlobalSection(ExtensibilityGlobals) = postSolution
		SolutionGuid = {E7D9A00F-99D6-48CB-AF8A-A2EFDE61A680}
	EndGlobalSection
EndGlobal
